
Microsoft Visual Studio Solution File, Format Version 12.00
# Visual Studio Version 17
VisualStudioVersion = 17.14.36811.4
MinimumVisualStudioVersion = 10.0.40219.1
Project("{FAE04EC0-301F-11D3-BF4B-00C04F79EFBC}") = "GenAiBot", "GenAiBot.csproj", "{D104B00C-C156-4D4D-B7DC-77E7FF42ACCD}"
EndProject
Global
	GlobalSection(SolutionConfigurationPlatforms) = preSolution
		Debug|Any CPU = Debug|Any CPU
		Release|Any CPU = Release|Any CPU
	EndGlobalSection
	GlobalSection(ProjectConfigurationPlatforms) = postSolution
		{D104B00C-C156-4D4D-B7DC-77E7FF42ACCD}.Debug|Any CPU.ActiveCfg = Debug|Any CPU
		{D104B00C-C156-4D4D-B7DC-77E7FF42ACCD}.Debug|Any CPU.Build.0 = Debug|Any CPU
		{D104B00C-C156-4D4D-B7DC-77E7FF42ACCD}.Release|Any CPU.ActiveCfg = Release|Any CPU
		{D104B00C-C156-4D4D-B7DC-77E7FF42ACCD}.Release|Any CPU.Build.0 = Release|Any CPU
	EndGlobalSection
	GlobalSection(SolutionProperties) = preSolution
		HideSolutionNode = FALSE
	EndGlobalSection
	GlobalSection(ExtensibilityGlobals) = postSolution
		SolutionGuid = {EDFBDA2B-B1ED-4728-96C4-D3E2F2A410E4}
	EndGlobalSection
EndGlobal
